// !$*UTF8*$!
{
	archiveVersion = 1;
	classes = {
	};
	objectVersion = 46;
	objects = {

/* Begin PBXBuildFile section */
		57E4E80D1BEF7E6E001B5670 /* AppDelegate.swift in Sources */ = {isa = PBXBuildFile; fileRef = 57E4E80C1BEF7E6E001B5670 /* AppDelegate.swift */; };
		57E4E8121BEF7E6E001B5670 /* Main.storyboard in Resources */ = {isa = PBXBuildFile; fileRef = 57E4E8101BEF7E6E001B5670 /* Main.storyboard */; };
		57E4E8141BEF7E6E001B5670 /* Assets.xcassets in Resources */ = {isa = PBXBuildFile; fileRef = 57E4E8131BEF7E6E001B5670 /* Assets.xcassets */; };
		C467D8FB1BF7528A0034B288 /* TravelLocationsViewController.swift in Sources */ = {isa = PBXBuildFile; fileRef = C467D8FA1BF7528A0034B288 /* TravelLocationsViewController.swift */; settings = {ASSET_TAGS = (); }; };
		C467D8FE1BF758A00034B288 /* PhotoAlbumViewController.swift in Sources */ = {isa = PBXBuildFile; fileRef = C467D8FD1BF758A00034B288 /* PhotoAlbumViewController.swift */; settings = {ASSET_TAGS = (); }; };
		C467D9001BF76B0D0034B288 /* CoreDataStackManager.swift in Sources */ = {isa = PBXBuildFile; fileRef = C467D8FF1BF76B0D0034B288 /* CoreDataStackManager.swift */; settings = {ASSET_TAGS = (); }; };
		C467D9041BF76DFD0034B288 /* PhotoCell.swift in Sources */ = {isa = PBXBuildFile; fileRef = C467D9031BF76DFD0034B288 /* PhotoCell.swift */; settings = {ASSET_TAGS = (); }; };
		C467D9071BF76FE40034B288 /* VTActivityView.swift in Sources */ = {isa = PBXBuildFile; fileRef = C467D9061BF76FE40034B288 /* VTActivityView.swift */; settings = {ASSET_TAGS = (); }; };
		C467D9091BF8A8400034B288 /* Constants.swift in Sources */ = {isa = PBXBuildFile; fileRef = C467D9081BF8A8400034B288 /* Constants.swift */; settings = {ASSET_TAGS = (); }; };
		C467D90B1BF94CF20034B288 /* LaunchScreen.storyboard in Resources */ = {isa = PBXBuildFile; fileRef = C467D90A1BF94CF20034B288 /* LaunchScreen.storyboard */; settings = {ASSET_TAGS = (); }; };
/* End PBXBuildFile section */

/* Begin PBXFileReference section */
		57E4E8091BEF7E6E001B5670 /* Virtual Tourist.app */ = {isa = PBXFileReference; explicitFileType = wrapper.application; includeInIndex = 0; path = "Virtual Tourist.app"; sourceTree = BUILT_PRODUCTS_DIR; };
		57E4E80C1BEF7E6E001B5670 /* AppDelegate.swift */ = {isa = PBXFileReference; lastKnownFileType = sourcecode.swift; path = AppDelegate.swift; sourceTree = "<group>"; };
		57E4E8111BEF7E6E001B5670 /* Base */ = {isa = PBXFileReference; lastKnownFileType = file.storyboard; name = Base; path = Base.lproj/Main.storyboard; sourceTree = "<group>"; };
		57E4E8131BEF7E6E001B5670 /* Assets.xcassets */ = {isa = PBXFileReference; lastKnownFileType = folder.assetcatalog; path = Assets.xcassets; sourceTree = "<group>"; };
		57E4E8181BEF7E6E001B5670 /* Info.plist */ = {isa = PBXFileReference; lastKnownFileType = text.plist.xml; path = Info.plist; sourceTree = "<group>"; };
		C467D8FA1BF7528A0034B288 /* TravelLocationsViewController.swift */ = {isa = PBXFileReference; fileEncoding = 4; lastKnownFileType = sourcecode.swift; path = TravelLocationsViewController.swift; sourceTree = "<group>"; };
		C467D8FD1BF758A00034B288 /* PhotoAlbumViewController.swift */ = {isa = PBXFileReference; fileEncoding = 4; lastKnownFileType = sourcecode.swift; path = PhotoAlbumViewController.swift; sourceTree = "<group>"; };
		C467D8FF1BF76B0D0034B288 /* CoreDataStackManager.swift */ = {isa = PBXFileReference; fileEncoding = 4; lastKnownFileType = sourcecode.swift; path = CoreDataStackManager.swift; sourceTree = "<group>"; };
		C467D9031BF76DFD0034B288 /* PhotoCell.swift */ = {isa = PBXFileReference; fileEncoding = 4; lastKnownFileType = sourcecode.swift; path = PhotoCell.swift; sourceTree = "<group>"; };
		C467D9061BF76FE40034B288 /* VTActivityView.swift */ = {isa = PBXFileReference; fileEncoding = 4; lastKnownFileType = sourcecode.swift; path = VTActivityView.swift; sourceTree = "<group>"; };
		C467D9081BF8A8400034B288 /* Constants.swift */ = {isa = PBXFileReference; fileEncoding = 4; lastKnownFileType = sourcecode.swift; path = Constants.swift; sourceTree = "<group>"; };
		C467D90A1BF94CF20034B288 /* LaunchScreen.storyboard */ = {isa = PBXFileReference; fileEncoding = 4; lastKnownFileType = file.storyboard; path = LaunchScreen.storyboard; sourceTree = "<group>"; };
/* End PBXFileReference section */

/* Begin PBXFrameworksBuildPhase section */
		57E4E8061BEF7E6E001B5670 /* Frameworks */ = {
			isa = PBXFrameworksBuildPhase;
			buildActionMask = 2147483647;
			files = (
			);
			runOnlyForDeploymentPostprocessing = 0;
		};
/* End PBXFrameworksBuildPhase section */

/* Begin PBXGroup section */
		57E4E8001BEF7E6D001B5670 = {
			isa = PBXGroup;
			children = (
				57E4E80B1BEF7E6E001B5670 /* Virtual Tourist */,
				57E4E80A1BEF7E6E001B5670 /* Products */,
			);
			sourceTree = "<group>";
		};
		57E4E80A1BEF7E6E001B5670 /* Products */ = {
			isa = PBXGroup;
			children = (
				57E4E8091BEF7E6E001B5670 /* Virtual Tourist.app */,
			);
			name = Products;
			sourceTree = "<group>";
		};
		57E4E80B1BEF7E6E001B5670 /* Virtual Tourist */ = {
			isa = PBXGroup;
			children = (
				57E4E80C1BEF7E6E001B5670 /* AppDelegate.swift */,
				C467D9081BF8A8400034B288 /* Constants.swift */,
				C467D9011BF76B200034B288 /* Model */,
				C467D9051BF76E030034B288 /* View */,
				C467D9021BF76B2D0034B288 /* View Controllers */,
				C467D8FC1BF758780034B288 /* Supporting Files */,
			);
			path = "Virtual Tourist";
			sourceTree = "<group>";
		};
		C467D8FC1BF758780034B288 /* Supporting Files */ = {
			isa = PBXGroup;
			children = (
				57E4E8181BEF7E6E001B5670 /* Info.plist */,
				57E4E8131BEF7E6E001B5670 /* Assets.xcassets */,
				57E4E8101BEF7E6E001B5670 /* Main.storyboard */,
				C467D90A1BF94CF20034B288 /* LaunchScreen.storyboard */,
			);
			name = "Supporting Files";
			sourceTree = "<group>";
		};
		C467D9011BF76B200034B288 /* Model */ = {
			isa = PBXGroup;
			children = (
				C467D8FF1BF76B0D0034B288 /* CoreDataStackManager.swift */,
			);
			name = Model;
			sourceTree = "<group>";
		};
		C467D9021BF76B2D0034B288 /* View Controllers */ = {
			isa = PBXGroup;
			children = (
				C467D8FA1BF7528A0034B288 /* TravelLocationsViewController.swift */,
				C467D8FD1BF758A00034B288 /* PhotoAlbumViewController.swift */,
			);
			name = "View Controllers";
			sourceTree = "<group>";
		};
		C467D9051BF76E030034B288 /* View */ = {
			isa = PBXGroup;
			children = (
				C467D9031BF76DFD0034B288 /* PhotoCell.swift */,
				C467D9061BF76FE40034B288 /* VTActivityView.swift */,
			);
			name = View;
			sourceTree = "<group>";
		};
/* End PBXGroup section */

/* Begin PBXNativeTarget section */
		57E4E8081BEF7E6E001B5670 /* Virtual Tourist */ = {
			isa = PBXNativeTarget;
			buildConfigurationList = 57E4E81B1BEF7E6E001B5670 /* Build configuration list for PBXNativeTarget "Virtual Tourist" */;
			buildPhases = (
				57E4E8051BEF7E6E001B5670 /* Sources */,
				57E4E8061BEF7E6E001B5670 /* Frameworks */,
				57E4E8071BEF7E6E001B5670 /* Resources */,
			);
			buildRules = (
			);
			dependencies = (
			);
			name = "Virtual Tourist";
			productName = "Virtual Tourist";
			productReference = 57E4E8091BEF7E6E001B5670 /* Virtual Tourist.app */;
			productType = "com.apple.product-type.application";
		};
/* End PBXNativeTarget section */

/* Begin PBXProject section */
		57E4E8011BEF7E6D001B5670 /* Project object */ = {
			isa = PBXProject;
			attributes = {
				LastSwiftUpdateCheck = 0710;
				LastUpgradeCheck = 0710;
				ORGANIZATIONNAME = "Alex Paul";
				TargetAttributes = {
					57E4E8081BEF7E6E001B5670 = {
						CreatedOnToolsVersion = 7.1;
					};
				};
			};
			buildConfigurationList = 57E4E8041BEF7E6D001B5670 /* Build configuration list for PBXProject "Virtual Tourist" */;
			compatibilityVersion = "Xcode 3.2";
			developmentRegion = English;
			hasScannedForEncodings = 0;
			knownRegions = (
				en,
				Base,
			);
			mainGroup = 57E4E8001BEF7E6D001B5670;
			productRefGroup = 57E4E80A1BEF7E6E001B5670 /* Products */;
			projectDirPath = "";
			projectRoot = "";
			targets = (
				57E4E8081BEF7E6E001B5670 /* Virtual Tourist */,
			);
		};
/* End PBXProject section */

/* Begin PBXResourcesBuildPhase section */
		57E4E8071BEF7E6E001B5670 /* Resources */ = {
			isa = PBXResourcesBuildPhase;
			buildActionMask = 2147483647;
			files = (
				C467D90B1BF94CF20034B288 /* LaunchScreen.storyboard in Resources */,
				57E4E8141BEF7E6E001B5670 /* Assets.xcassets in Resources */,
				57E4E8121BEF7E6E001B5670 /* Main.storyboard in Resources */,
			);
			runOnlyForDeploymentPostprocessing = 0;
		};
/* End PBXResourcesBuildPhase section */

/* Begin PBXSourcesBuildPhase section */
		57E4E8051BEF7E6E001B5670 /* Sources */ = {
			isa = PBXSourcesBuildPhase;
			buildActionMask = 2147483647;
			files = (
				57E4E80D1BEF7E6E001B5670 /* AppDelegate.swift in Sources */,
				C467D9041BF76DFD0034B288 /* PhotoCell.swift in Sources */,
				C467D9001BF76B0D0034B288 /* CoreDataStackManager.swift in Sources */,
				C467D9071BF76FE40034B288 /* VTActivityView.swift in Sources */,
				C467D9091BF8A8400034B288 /* Constants.swift in Sources */,
				C467D8FB1BF7528A0034B288 /* TravelLocationsViewController.swift in Sources */,
				C467D8FE1BF758A00034B288 /* PhotoAlbumViewController.swift in Sources */,
			);
			runOnlyForDeploymentPostprocessing = 0;
		};
/* End PBXSourcesBuildPhase section */

/* Begin PBXVariantGroup section */
		57E4E8101BEF7E6E001B5670 /* Main.storyboard */ = {
			isa = PBXVariantGroup;
			children = (
				57E4E8111BEF7E6E001B5670 /* Base */,
			);
			name = Main.storyboard;
			sourceTree = "<group>";
		};
/* End PBXVariantGroup section */

/* Begin XCBuildConfiguration section */
		57E4E8191BEF7E6E001B5670 /* Debug */ = {
			isa = XCBuildConfiguration;
			buildSettings = {
				ALWAYS_SEARCH_USER_PATHS = NO;
				CLANG_CXX_LANGUAGE_STANDARD = "gnu++0x";
				CLANG_CXX_LIBRARY = "libc++";
				CLANG_ENABLE_MODULES = YES;
				CLANG_ENABLE_OBJC_ARC = YES;
				CLANG_WARN_BOOL_CONVERSION = YES;
				CLANG_WARN_CONSTANT_CONVERSION = YES;
				CLANG_WARN_DIRECT_OBJC_ISA_USAGE = YES_ERROR;
				CLANG_WARN_EMPTY_BODY = YES;
				CLANG_WARN_ENUM_CONVERSION = YES;
				CLANG_WARN_INT_CONVERSION = YES;
				CLANG_WARN_OBJC_ROOT_CLASS = YES_ERROR;
				CLANG_WARN_UNREACHABLE_CODE = YES;
				CLANG_WARN__DUPLICATE_METHOD_MATCH = YES;
				"CODE_SIGN_IDENTITY[sdk=iphoneos*]" = "iPhone Developer";
				COPY_PHASE_STRIP = NO;
				DEBUG_INFORMATION_FORMAT = dwarf;
				ENABLE_STRICT_OBJC_MSGSEND = YES;
				ENABLE_TESTABILITY = YES;
				GCC_C_LANGUAGE_STANDARD = gnu99;
				GCC_DYNAMIC_NO_PIC = NO;
				GCC_NO_COMMON_BLOCKS = YES;
				GCC_OPTIMIZATION_LEVEL = 0;
				GCC_PREPROCESSOR_DEFINITIONS = (
					"DEBUG=1",
					"$(inherited)",
				);
				GCC_WARN_64_TO_32_BIT_CONVERSION = YES;
				GCC_WARN_ABOUT_RETURN_TYPE = YES_ERROR;
				GCC_WARN_UNDECLARED_SELECTOR = YES;
				GCC_WARN_UNINITIALIZED_AUTOS = YES_AGGRESSIVE;
				GCC_WARN_UNUSED_FUNCTION = YES;
				GCC_WARN_UNUSED_VARIABLE = YES;
				IPHONEOS_DEPLOYMENT_TARGET = 9.0;
				MTL_ENABLE_DEBUG_INFO = YES;
				ONLY_ACTIVE_ARCH = YES;
				SDKROOT = iphoneos;
				SWIFT_OPTIMIZATION_LEVEL = "-Onone";
			};
			name = Debug;
		};
		57E4E81A1BEF7E6E001B5670 /* Release */ = {
			isa = XCBuildConfiguration;
			buildSettings = {
				ALWAYS_SEARCH_USER_PATHS = NO;
				CLANG_CXX_LANGUAGE_STANDARD = "gnu++0x";
				CLANG_CXX_LIBRARY = "libc++";
				CLANG_ENABLE_MODULES = YES;
				CLANG_ENABLE_OBJC_ARC = YES;
				CLANG_WARN_BOOL_CONVERSION = YES;
				CLANG_WARN_CONSTANT_CONVERSION = YES;
				CLANG_WARN_DIRECT_OBJC_ISA_USAGE = YES_ERROR;
				CLANG_WARN_EMPTY_BODY = YES;
				CLANG_WARN_ENUM_CONVERSION = YES;
				CLANG_WARN_INT_CONVERSION = YES;
				CLANG_WARN_OBJC_ROOT_CLASS = YES_ERROR;
				CLANG_WARN_UNREACHABLE_CODE = YES;
				CLANG_WARN__DUPLICATE_METHOD_MATCH = YES;
				"CODE_SIGN_IDENTITY[sdk=iphoneos*]" = "iPhone Developer";
				COPY_PHASE_STRIP = NO;
				DEBUG_INFORMATION_FORMAT = "dwarf-with-dsym";
				ENABLE_NS_ASSERTIONS = NO;
				ENABLE_STRICT_OBJC_MSGSEND = YES;
				GCC_C_LANGUAGE_STANDARD = gnu99;
				GCC_NO_COMMON_BLOCKS = YES;
				GCC_WARN_64_TO_32_BIT_CONVERSION = YES;
				GCC_WARN_ABOUT_RETURN_TYPE = YES_ERROR;
				GCC_WARN_UNDECLARED_SELECTOR = YES;
				GCC_WARN_UNINITIALIZED_AUTOS = YES_AGGRESSIVE;
				GCC_WARN_UNUSED_FUNCTION = YES;
				GCC_WARN_UNUSED_VARIABLE = YES;
				IPHONEOS_DEPLOYMENT_TARGET = 9.0;
				MTL_ENABLE_DEBUG_INFO = NO;
				SDKROOT = iphoneos;
				VALIDATE_PRODUCT = YES;
			};
			name = Release;
		};
		57E4E81C1BEF7E6E001B5670 /* Debug */ = {
			isa = XCBuildConfiguration;
			buildSettings = {
				ASSETCATALOG_COMPILER_APPICON_NAME = AppIcon;
				CODE_SIGN_IDENTITY = "iPhone Developer";
				INFOPLIST_FILE = "Virtual Tourist/Info.plist";
				IPHONEOS_DEPLOYMENT_TARGET = 8.2;
				LD_RUNPATH_SEARCH_PATHS = "$(inherited) @executable_path/Frameworks";
				PRODUCT_BUNDLE_IDENTIFIER = "com.alexcpaul.Virtual-Tourist";
				PRODUCT_NAME = "$(TARGET_NAME)";
			};
			name = Debug;
		};
		57E4E81D1BEF7E6E001B5670 /* Release */ = {
			isa = XCBuildConfiguration;
			buildSettings = {
				ASSETCATALOG_COMPILER_APPICON_NAME = AppIcon;
				CODE_SIGN_IDENTITY = "iPhone Developer";
				INFOPLIST_FILE = "Virtual Tourist/Info.plist";
				IPHONEOS_DEPLOYMENT_TARGET = 8.2;
				LD_RUNPATH_SEARCH_PATHS = "$(inherited) @executable_path/Frameworks";
				PRODUCT_BUNDLE_IDENTIFIER = "com.alexcpaul.Virtual-Tourist";
				PRODUCT_NAME = "$(TARGET_NAME)";
			};
			name = Release;
		};
/* End XCBuildConfiguration section */

/* Begin XCConfigurationList section */
		57E4E8041BEF7E6D001B5670 /* Build configuration list for PBXProject "Virtual Tourist" */ = {
			isa = XCConfigurationList;
			buildConfigurations = (
				57E4E8191BEF7E6E001B5670 /* Debug */,
				57E4E81A1BEF7E6E001B5670 /* Release */,
			);
			defaultConfigurationIsVisible = 0;
			defaultConfigurationName = Release;
		};
		57E4E81B1BEF7E6E001B5670 /* Build configuration list for PBXNativeTarget "Virtual Tourist" */ = {
			isa = XCConfigurationList;
			buildConfigurations = (
				57E4E81C1BEF7E6E001B5670 /* Debug */,
				57E4E81D1BEF7E6E001B5670 /* Release */,
			);
			defaultConfigurationIsVisible = 0;
			defaultConfigurationName = Release;
		};
/* End XCConfigurationList section */
	};
	rootObject = 57E4E8011BEF7E6D001B5670 /* Project object */;
}
